// !$*UTF8*$!
{
	archiveVersion = 1;
	classes = {
	};
	objectVersion = 46;
	objects = {

/* Begin PBXBuildFile section */
		83AA48431BBE96F3008E1C28 /* Expose.java in Sources */ = {isa = PBXBuildFile; fileRef = 83AA47E71BBE96F3008E1C28 /* Expose.java */; };
		83AA48441BBE96F3008E1C28 /* JsonAdapter.java in Sources */ = {isa = PBXBuildFile; fileRef = 83AA47E81BBE96F3008E1C28 /* JsonAdapter.java */; };
		83AA48451BBE96F3008E1C28 /* SerializedName.java in Sources */ = {isa = PBXBuildFile; fileRef = 83AA47E91BBE96F3008E1C28 /* SerializedName.java */; };
		83AA48461BBE96F3008E1C28 /* Since.java in Sources */ = {isa = PBXBuildFile; fileRef = 83AA47EA1BBE96F3008E1C28 /* Since.java */; };
		83AA48471BBE96F3008E1C28 /* Until.java in Sources */ = {isa = PBXBuildFile; fileRef = 83AA47EB1BBE96F3008E1C28 /* Until.java */; };
		83AA48481BBE96F3008E1C28 /* DefaultDateTypeAdapter.java in Sources */ = {isa = PBXBuildFile; fileRef = 83AA47EC1BBE96F3008E1C28 /* DefaultDateTypeAdapter.java */; };
		83AA48491BBE96F3008E1C28 /* ExclusionStrategy.java in Sources */ = {isa = PBXBuildFile; fileRef = 83AA47ED1BBE96F3008E1C28 /* ExclusionStrategy.java */; };
		83AA484A1BBE96F3008E1C28 /* FieldAttributes.java in Sources */ = {isa = PBXBuildFile; fileRef = 83AA47EE1BBE96F3008E1C28 /* FieldAttributes.java */; };
		83AA484B1BBE96F3008E1C28 /* FieldNamingPolicy.java in Sources */ = {isa = PBXBuildFile; fileRef = 83AA47EF1BBE96F3008E1C28 /* FieldNamingPolicy.java */; };
		83AA484C1BBE96F3008E1C28 /* FieldNamingStrategy.java in Sources */ = {isa = PBXBuildFile; fileRef = 83AA47F01BBE96F3008E1C28 /* FieldNamingStrategy.java */; };
		83AA484D1BBE96F3008E1C28 /* Gson.java in Sources */ = {isa = PBXBuildFile; fileRef = 83AA47F11BBE96F3008E1C28 /* Gson.java */; };
		83AA484E1BBE96F3008E1C28 /* GsonBuilder.java in Sources */ = {isa = PBXBuildFile; fileRef = 83AA47F21BBE96F3008E1C28 /* GsonBuilder.java */; };
		83AA484F1BBE96F3008E1C28 /* InstanceCreator.java in Sources */ = {isa = PBXBuildFile; fileRef = 83AA47F31BBE96F3008E1C28 /* InstanceCreator.java */; };
		83AA48501BBE96F3008E1C28 /* $Gson$Preconditions.java in Sources */ = {isa = PBXBuildFile; fileRef = 83AA47F51BBE96F3008E1C28 /* $Gson$Preconditions.java */; };
		83AA48511BBE96F3008E1C28 /* $Gson$Types.java in Sources */ = {isa = PBXBuildFile; fileRef = 83AA47F61BBE96F3008E1C28 /* $Gson$Types.java */; };
		83AA48521BBE96F3008E1C28 /* ArrayTypeAdapter.java in Sources */ = {isa = PBXBuildFile; fileRef = 83AA47F81BBE96F3008E1C28 /* ArrayTypeAdapter.java */; };
		83AA48531BBE96F3008E1C28 /* CollectionTypeAdapterFactory.java in Sources */ = {isa = PBXBuildFile; fileRef = 83AA47F91BBE96F3008E1C28 /* CollectionTypeAdapterFactory.java */; };
		83AA48541BBE96F3008E1C28 /* DateTypeAdapter.java in Sources */ = {isa = PBXBuildFile; fileRef = 83AA47FA1BBE96F3008E1C28 /* DateTypeAdapter.java */; };
		83AA48551BBE96F3008E1C28 /* JsonAdapterAnnotationTypeAdapterFactory.java in Sources */ = {isa = PBXBuildFile; fileRef = 83AA47FB1BBE96F3008E1C28 /* JsonAdapterAnnotationTypeAdapterFactory.java */; };
		83AA48561BBE96F3008E1C28 /* JsonTreeReader.java in Sources */ = {isa = PBXBuildFile; fileRef = 83AA47FC1BBE96F3008E1C28 /* JsonTreeReader.java */; };
		83AA48571BBE96F3008E1C28 /* JsonTreeWriter.java in Sources */ = {isa = PBXBuildFile; fileRef = 83AA47FD1BBE96F3008E1C28 /* JsonTreeWriter.java */; };
		83AA48581BBE96F3008E1C28 /* MapTypeAdapterFactory.java in Sources */ = {isa = PBXBuildFile; fileRef = 83AA47FE1BBE96F3008E1C28 /* MapTypeAdapterFactory.java */; };
		83AA48591BBE96F3008E1C28 /* ObjectTypeAdapter.java in Sources */ = {isa = PBXBuildFile; fileRef = 83AA47FF1BBE96F3008E1C28 /* ObjectTypeAdapter.java */; };
		83AA485A1BBE96F3008E1C28 /* ReflectiveTypeAdapterFactory.java in Sources */ = {isa = PBXBuildFile; fileRef = 83AA48001BBE96F3008E1C28 /* ReflectiveTypeAdapterFactory.java */; };
		83AA485B1BBE96F3008E1C28 /* SqlDateTypeAdapter.java in Sources */ = {isa = PBXBuildFile; fileRef = 83AA48011BBE96F3008E1C28 /* SqlDateTypeAdapter.java */; };
		83AA485C1BBE96F3008E1C28 /* TimeTypeAdapter.java in Sources */ = {isa = PBXBuildFile; fileRef = 83AA48021BBE96F3008E1C28 /* TimeTypeAdapter.java */; };
		83AA485D1BBE96F3008E1C28 /* TypeAdapterRuntimeTypeWrapper.java in Sources */ = {isa = PBXBuildFile; fileRef = 83AA48031BBE96F3008E1C28 /* TypeAdapterRuntimeTypeWrapper.java */; };
		83AA485E1BBE96F3008E1C28 /* TypeAdapters.java in Sources */ = {isa = PBXBuildFile; fileRef = 83AA48041BBE96F3008E1C28 /* TypeAdapters.java */; };
		83AA485F1BBE96F3008E1C28 /* ConstructorConstructor.java in Sources */ = {isa = PBXBuildFile; fileRef = 83AA48051BBE96F3008E1C28 /* ConstructorConstructor.java */; };
		83AA48601BBE96F3008E1C28 /* Excluder.java in Sources */ = {isa = PBXBuildFile; fileRef = 83AA48061BBE96F3008E1C28 /* Excluder.java */; };
		83AA48611BBE96F3008E1C28 /* JsonReaderInternalAccess.java in Sources */ = {isa = PBXBuildFile; fileRef = 83AA48071BBE96F3008E1C28 /* JsonReaderInternalAccess.java */; };
		83AA48621BBE96F3008E1C28 /* LazilyParsedNumber.java in Sources */ = {isa = PBXBuildFile; fileRef = 83AA48081BBE96F3008E1C28 /* LazilyParsedNumber.java */; };
		83AA48631BBE96F3008E1C28 /* LinkedHashTreeMap.java in Sources */ = {isa = PBXBuildFile; fileRef = 83AA48091BBE96F3008E1C28 /* LinkedHashTreeMap.java */; };
		83AA48641BBE96F3008E1C28 /* LinkedTreeMap.java in Sources */ = {isa = PBXBuildFile; fileRef = 83AA480A1BBE96F3008E1C28 /* LinkedTreeMap.java */; };
		83AA48651BBE96F3008E1C28 /* ObjectConstructor.java in Sources */ = {isa = PBXBuildFile; fileRef = 83AA480B1BBE96F3008E1C28 /* ObjectConstructor.java */; };
		83AA48661BBE96F3008E1C28 /* Primitives.java in Sources */ = {isa = PBXBuildFile; fileRef = 83AA480C1BBE96F3008E1C28 /* Primitives.java */; };
		83AA48671BBE96F3008E1C28 /* Streams.java in Sources */ = {isa = PBXBuildFile; fileRef = 83AA480D1BBE96F3008E1C28 /* Streams.java */; };
		83AA48681BBE96F3008E1C28 /* UnsafeAllocator.java in Sources */ = {isa = PBXBuildFile; fileRef = 83AA480E1BBE96F3008E1C28 /* UnsafeAllocator.java */; };
		83AA48691BBE96F3008E1C28 /* JsonArray.java in Sources */ = {isa = PBXBuildFile; fileRef = 83AA480F1BBE96F3008E1C28 /* JsonArray.java */; };
		83AA486A1BBE96F3008E1C28 /* JsonDeserializationContext.java in Sources */ = {isa = PBXBuildFile; fileRef = 83AA48101BBE96F3008E1C28 /* JsonDeserializationContext.java */; };
		83AA486B1BBE96F3008E1C28 /* JsonDeserializer.java in Sources */ = {isa = PBXBuildFile; fileRef = 83AA48111BBE96F3008E1C28 /* JsonDeserializer.java */; };
		83AA486C1BBE96F3008E1C28 /* JsonElement.java in Sources */ = {isa = PBXBuildFile; fileRef = 83AA48121BBE96F3008E1C28 /* JsonElement.java */; };
		83AA486D1BBE96F3008E1C28 /* JsonIOException.java in Sources */ = {isa = PBXBuildFile; fileRef = 83AA48131BBE96F3008E1C28 /* JsonIOException.java */; };
		83AA486E1BBE96F3008E1C28 /* JsonNull.java in Sources */ = {isa = PBXBuildFile; fileRef = 83AA48141BBE96F3008E1C28 /* JsonNull.java */; };
		83AA486F1BBE96F3008E1C28 /* JsonObject.java in Sources */ = {isa = PBXBuildFile; fileRef = 83AA48151BBE96F3008E1C28 /* JsonObject.java */; };
		83AA48701BBE96F3008E1C28 /* JsonParseException.java in Sources */ = {isa = PBXBuildFile; fileRef = 83AA48161BBE96F3008E1C28 /* JsonParseException.java */; };
		83AA48711BBE96F3008E1C28 /* JsonParser.java in Sources */ = {isa = PBXBuildFile; fileRef = 83AA48171BBE96F3008E1C28 /* JsonParser.java */; };
		83AA48721BBE96F3008E1C28 /* JsonPrimitive.java in Sources */ = {isa = PBXBuildFile; fileRef = 83AA48181BBE96F3008E1C28 /* JsonPrimitive.java */; };
		83AA48731BBE96F3008E1C28 /* JsonSerializationContext.java in Sources */ = {isa = PBXBuildFile; fileRef = 83AA48191BBE96F3008E1C28 /* JsonSerializationContext.java */; };
		83AA48741BBE96F3008E1C28 /* JsonSerializer.java in Sources */ = {isa = PBXBuildFile; fileRef = 83AA481A1BBE96F3008E1C28 /* JsonSerializer.java */; };
		83AA48751BBE96F3008E1C28 /* JsonStreamParser.java in Sources */ = {isa = PBXBuildFile; fileRef = 83AA481B1BBE96F3008E1C28 /* JsonStreamParser.java */; };
		83AA48761BBE96F3008E1C28 /* JsonSyntaxException.java in Sources */ = {isa = PBXBuildFile; fileRef = 83AA481C1BBE96F3008E1C28 /* JsonSyntaxException.java */; };
		83AA48771BBE96F3008E1C28 /* LongSerializationPolicy.java in Sources */ = {isa = PBXBuildFile; fileRef = 83AA481D1BBE96F3008E1C28 /* LongSerializationPolicy.java */; };
		83AA48781BBE96F3008E1C28 /* TypeToken.java in Sources */ = {isa = PBXBuildFile; fileRef = 83AA481F1BBE96F3008E1C28 /* TypeToken.java */; };
		83AA48791BBE96F3008E1C28 /* JsonReader.java in Sources */ = {isa = PBXBuildFile; fileRef = 83AA48211BBE96F3008E1C28 /* JsonReader.java */; };
		83AA487A1BBE96F3008E1C28 /* JsonScope.java in Sources */ = {isa = PBXBuildFile; fileRef = 83AA48221BBE96F3008E1C28 /* JsonScope.java */; };
		83AA487B1BBE96F3008E1C28 /* JsonToken.java in Sources */ = {isa = PBXBuildFile; fileRef = 83AA48231BBE96F3008E1C28 /* JsonToken.java */; };
		83AA487C1BBE96F3008E1C28 /* JsonWriter.java in Sources */ = {isa = PBXBuildFile; fileRef = 83AA48241BBE96F3008E1C28 /* JsonWriter.java */; };
		83AA487D1BBE96F3008E1C28 /* MalformedJsonException.java in Sources */ = {isa = PBXBuildFile; fileRef = 83AA48251BBE96F3008E1C28 /* MalformedJsonException.java */; };
		83AA487E1BBE96F3008E1C28 /* TreeTypeAdapter.java in Sources */ = {isa = PBXBuildFile; fileRef = 83AA48261BBE96F3008E1C28 /* TreeTypeAdapter.java */; };
		83AA487F1BBE96F3008E1C28 /* TypeAdapter.java in Sources */ = {isa = PBXBuildFile; fileRef = 83AA48271BBE96F3008E1C28 /* TypeAdapter.java */; };
		83AA48801BBE96F3008E1C28 /* TypeAdapterFactory.java in Sources */ = {isa = PBXBuildFile; fileRef = 83AA48281BBE96F3008E1C28 /* TypeAdapterFactory.java */; };
		83AA48811BBE96F3008E1C28 /* NetworkCallback.java in Sources */ = {isa = PBXBuildFile; fileRef = 83AA482C1BBE96F3008E1C28 /* NetworkCallback.java */; };
		83AA48821BBE96F3008E1C28 /* BaseLogicController.java in Sources */ = {isa = PBXBuildFile; fileRef = 83AA482E1BBE96F3008E1C28 /* BaseLogicController.java */; };
		83AA48831BBE96F3008E1C28 /* CoreLib.java in Sources */ = {isa = PBXBuildFile; fileRef = 83AA482F1BBE96F3008E1C28 /* CoreLib.java */; };
		83AA48841BBE96F3008E1C28 /* EnvironmentType.java in Sources */ = {isa = PBXBuildFile; fileRef = 83AA48311BBE96F3008E1C28 /* EnvironmentType.java */; };
		83AA48851BBE96F3008E1C28 /* InterfaceId.java in Sources */ = {isa = PBXBuildFile; fileRef = 83AA48321BBE96F3008E1C28 /* InterfaceId.java */; };
		83AA48861BBE96F3008E1C28 /* PageId.java in Sources */ = {isa = PBXBuildFile; fileRef = 83AA48331BBE96F3008E1C28 /* PageId.java */; };
		83AA48871BBE96F3008E1C28 /* RestType.java in Sources */ = {isa = PBXBuildFile; fileRef = 83AA48341BBE96F3008E1C28 /* RestType.java */; };
		83AA48881BBE96F3008E1C28 /* AppNavigationInterface.java in Sources */ = {isa = PBXBuildFile; fileRef = 83AA48361BBE96F3008E1C28 /* AppNavigationInterface.java */; };
		83AA48891BBE96F3008E1C28 /* GpsInterface.java in Sources */ = {isa = PBXBuildFile; fileRef = 83AA48371BBE96F3008E1C28 /* GpsInterface.java */; };
		83AA488A1BBE96F3008E1C28 /* NetworkInterface.java in Sources */ = {isa = PBXBuildFile; fileRef = 83AA48381BBE96F3008E1C28 /* NetworkInterface.java */; };
		83AA488B1BBE96F3008E1C28 /* ShareInterface.java in Sources */ = {isa = PBXBuildFile; fileRef = 83AA48391BBE96F3008E1C28 /* ShareInterface.java */; };
		83AA488C1BBE96F3008E1C28 /* StorageInterface.java in Sources */ = {isa = PBXBuildFile; fileRef = 83AA483A1BBE96F3008E1C28 /* StorageInterface.java */; };
		83AA488D1BBE96F3008E1C28 /* InterfaceManager.java in Sources */ = {isa = PBXBuildFile; fileRef = 83AA483C1BBE96F3008E1C28 /* InterfaceManager.java */; };
		83AA488E1BBE96F3008E1C28 /* NetworkManager.java in Sources */ = {isa = PBXBuildFile; fileRef = 83AA483D1BBE96F3008E1C28 /* NetworkManager.java */; };
		83AA488F1BBE96F3008E1C28 /* GpsModel.java in Sources */ = {isa = PBXBuildFile; fileRef = 83AA483F1BBE96F3008E1C28 /* GpsModel.java */; };
		83AA48901BBE96F3008E1C28 /* ShareModel.java in Sources */ = {isa = PBXBuildFile; fileRef = 83AA48401BBE96F3008E1C28 /* ShareModel.java */; };
		83AA48911BBE96F3008E1C28 /* CoreConstants.java in Sources */ = {isa = PBXBuildFile; fileRef = 83AA48421BBE96F3008E1C28 /* CoreConstants.java */; };
		83EA46CC1BBD4D240006E8F8 /* main.m in Sources */ = {isa = PBXBuildFile; fileRef = 83EA46CB1BBD4D240006E8F8 /* main.m */; };
		83EA46CF1BBD4D240006E8F8 /* AppDelegate.m in Sources */ = {isa = PBXBuildFile; fileRef = 83EA46CE1BBD4D240006E8F8 /* AppDelegate.m */; };
		83EA46D21BBD4D240006E8F8 /* ViewController.m in Sources */ = {isa = PBXBuildFile; fileRef = 83EA46D11BBD4D240006E8F8 /* ViewController.m */; };
		83EA46D51BBD4D240006E8F8 /* Main.storyboard in Resources */ = {isa = PBXBuildFile; fileRef = 83EA46D31BBD4D240006E8F8 /* Main.storyboard */; };
		83EA46D71BBD4D240006E8F8 /* Images.xcassets in Resources */ = {isa = PBXBuildFile; fileRef = 83EA46D61BBD4D240006E8F8 /* Images.xcassets */; };
		83EA46DA1BBD4D240006E8F8 /* LaunchScreen.xib in Resources */ = {isa = PBXBuildFile; fileRef = 83EA46D81BBD4D240006E8F8 /* LaunchScreen.xib */; };
		83EA46E61BBD4D240006E8F8 /* iosTests.m in Sources */ = {isa = PBXBuildFile; fileRef = 83EA46E51BBD4D240006E8F8 /* iosTests.m */; };
		83EA48F21BBD70960006E8F8 /* Security.framework in Frameworks */ = {isa = PBXBuildFile; fileRef = 83EA48F11BBD70960006E8F8 /* Security.framework */; };
		83EA48F41BBD70A90006E8F8 /* libicucore.dylib in Frameworks */ = {isa = PBXBuildFile; fileRef = 83EA48F31BBD70A90006E8F8 /* libicucore.dylib */; };
		83EA48F61BBD70B40006E8F8 /* libz.dylib in Frameworks */ = {isa = PBXBuildFile; fileRef = 83EA48F51BBD70B40006E8F8 /* libz.dylib */; };
		83EBA0921BBD4E1D00727B59 /* prefixes.properties in Resources */ = {isa = PBXBuildFile; fileRef = 83EBA0901BBD4E1D00727B59 /* prefixes.properties */; };
		83EBA0931BBD4E1D00727B59 /* Settings.xcconfig in Resources */ = {isa = PBXBuildFile; fileRef = 83EBA0911BBD4E1D00727B59 /* Settings.xcconfig */; };
		B9AD122EBDBBF0F30D498DAA /* libPods-iosTests.a in Frameworks */ = {isa = PBXBuildFile; fileRef = 09E72C82A5630BF7C634FBB4 /* libPods-iosTests.a */; };
		F752859CC76BC3C7AD209644 /* libPods-ios.a in Frameworks */ = {isa = PBXBuildFile; fileRef = C01D727B341EAD9922F98079 /* libPods-ios.a */; };
/* End PBXBuildFile section */

/* Begin PBXBuildRule section */
		83EA46EF1BBD52220006E8F8 /* PBXBuildRule */ = {
			isa = PBXBuildRule;
			compilerSpec = com.apple.compilers.proxy.script;
			fileType = sourcecode.java;
			isEditable = 1;
			outputFiles = (
				"${DERIVED_FILES_DIR}/${INPUT_FILE_BASE}.m",
				"${DERIVED_FILES_DIR}/${INPUT_FILE_BASE}.h",
			);
			script = "if [ ! -f \"${J2OBJC_HOME}/j2objc\" ]; then echo \"J2OBJC_HOME not correctly defined in Settings.xcconfig, currently set to '${J2OBJC_HOME}'\"; exit 1; fi;\n\"${J2OBJC_HOME}/j2objc\" -d ${DERIVED_FILES_DIR} -sourcepath \"${PROJECT_DIR}/../shared/src/main/java\" --no-package-directories -use-arc --prefixes \"${PROJECT_DIR}/Config/prefixes.properties\"  -g ${INPUT_FILE_PATH};";
		};
/* End PBXBuildRule section */

/* Begin PBXContainerItemProxy section */
		83EA46E01BBD4D240006E8F8 /* PBXContainerItemProxy */ = {
			isa = PBXContainerItemProxy;
			containerPortal = 83EA46BE1BBD4D240006E8F8 /* Project object */;
			proxyType = 1;
			remoteGlobalIDString = 83EA46C51BBD4D240006E8F8;
			remoteInfo = ios;
		};
/* End PBXContainerItemProxy section */

/* Begin PBXFileReference section */
		044C044153DAA335D6893447 /* Pods-iosTests.release.xcconfig */ = {isa = PBXFileReference; includeInIndex = 1; lastKnownFileType = text.xcconfig; name = "Pods-iosTests.release.xcconfig"; path = "Pods/Target Support Files/Pods-iosTests/Pods-iosTests.release.xcconfig"; sourceTree = "<group>"; };
		09E72C82A5630BF7C634FBB4 /* libPods-iosTests.a */ = {isa = PBXFileReference; explicitFileType = archive.ar; includeInIndex = 0; path = "libPods-iosTests.a"; sourceTree = BUILT_PRODUCTS_DIR; };
		0F66CC1D9B8661C4C6F138DE /* Pods-iosTests.debug.xcconfig */ = {isa = PBXFileReference; includeInIndex = 1; lastKnownFileType = text.xcconfig; name = "Pods-iosTests.debug.xcconfig"; path = "Pods/Target Support Files/Pods-iosTests/Pods-iosTests.debug.xcconfig"; sourceTree = "<group>"; };
		1C921FA9BFF17B739A34B554 /* Pods-ios.debug.xcconfig */ = {isa = PBXFileReference; includeInIndex = 1; lastKnownFileType = text.xcconfig; name = "Pods-ios.debug.xcconfig"; path = "Pods/Target Support Files/Pods-ios/Pods-ios.debug.xcconfig"; sourceTree = "<group>"; };
		4D6545B5A02E7D4BA27082A3 /* Pods-ios.release.xcconfig */ = {isa = PBXFileReference; includeInIndex = 1; lastKnownFileType = text.xcconfig; name = "Pods-ios.release.xcconfig"; path = "Pods/Target Support Files/Pods-ios/Pods-ios.release.xcconfig"; sourceTree = "<group>"; };
		83AA47E71BBE96F3008E1C28 /* Expose.java */ = {isa = PBXFileReference; fileEncoding = 4; lastKnownFileType = sourcecode.java; path = Expose.java; sourceTree = "<group>"; };
		83AA47E81BBE96F3008E1C28 /* JsonAdapter.java */ = {isa = PBXFileReference; fileEncoding = 4; lastKnownFileType = sourcecode.java; path = JsonAdapter.java; sourceTree = "<group>"; };
		83AA47E91BBE96F3008E1C28 /* SerializedName.java */ = {isa = PBXFileReference; fileEncoding = 4; lastKnownFileType = sourcecode.java; path = SerializedName.java; sourceTree = "<group>"; };
		83AA47EA1BBE96F3008E1C28 /* Since.java */ = {isa = PBXFileReference; fileEncoding = 4; lastKnownFileType = sourcecode.java; path = Since.java; sourceTree = "<group>"; };
		83AA47EB1BBE96F3008E1C28 /* Until.java */ = {isa = PBXFileReference; fileEncoding = 4; lastKnownFileType = sourcecode.java; path = Until.java; sourceTree = "<group>"; };
		83AA47EC1BBE96F3008E1C28 /* DefaultDateTypeAdapter.java */ = {isa = PBXFileReference; fileEncoding = 4; lastKnownFileType = sourcecode.java; path = DefaultDateTypeAdapter.java; sourceTree = "<group>"; };
		83AA47ED1BBE96F3008E1C28 /* ExclusionStrategy.java */ = {isa = PBXFileReference; fileEncoding = 4; lastKnownFileType = sourcecode.java; path = ExclusionStrategy.java; sourceTree = "<group>"; };
		83AA47EE1BBE96F3008E1C28 /* FieldAttributes.java */ = {isa = PBXFileReference; fileEncoding = 4; lastKnownFileType = sourcecode.java; path = FieldAttributes.java; sourceTree = "<group>"; };
		83AA47EF1BBE96F3008E1C28 /* FieldNamingPolicy.java */ = {isa = PBXFileReference; fileEncoding = 4; lastKnownFileType = sourcecode.java; path = FieldNamingPolicy.java; sourceTree = "<group>"; };
		83AA47F01BBE96F3008E1C28 /* FieldNamingStrategy.java */ = {isa = PBXFileReference; fileEncoding = 4; lastKnownFileType = sourcecode.java; path = FieldNamingStrategy.java; sourceTree = "<group>"; };
		83AA47F11BBE96F3008E1C28 /* Gson.java */ = {isa = PBXFileReference; fileEncoding = 4; lastKnownFileType = sourcecode.java; path = Gson.java; sourceTree = "<group>"; };
		83AA47F21BBE96F3008E1C28 /* GsonBuilder.java */ = {isa = PBXFileReference; fileEncoding = 4; lastKnownFileType = sourcecode.java; path = GsonBuilder.java; sourceTree = "<group>"; };
		83AA47F31BBE96F3008E1C28 /* InstanceCreator.java */ = {isa = PBXFileReference; fileEncoding = 4; lastKnownFileType = sourcecode.java; path = InstanceCreator.java; sourceTree = "<group>"; };
		83AA47F51BBE96F3008E1C28 /* $Gson$Preconditions.java */ = {isa = PBXFileReference; fileEncoding = 4; lastKnownFileType = sourcecode.java; path = $Gson$Preconditions.java; sourceTree = "<group>"; };
		83AA47F61BBE96F3008E1C28 /* $Gson$Types.java */ = {isa = PBXFileReference; fileEncoding = 4; lastKnownFileType = sourcecode.java; path = $Gson$Types.java; sourceTree = "<group>"; };
		83AA47F81BBE96F3008E1C28 /* ArrayTypeAdapter.java */ = {isa = PBXFileReference; fileEncoding = 4; lastKnownFileType = sourcecode.java; path = ArrayTypeAdapter.java; sourceTree = "<group>"; };
		83AA47F91BBE96F3008E1C28 /* CollectionTypeAdapterFactory.java */ = {isa = PBXFileReference; fileEncoding = 4; lastKnownFileType = sourcecode.java; path = CollectionTypeAdapterFactory.java; sourceTree = "<group>"; };
		83AA47FA1BBE96F3008E1C28 /* DateTypeAdapter.java */ = {isa = PBXFileReference; fileEncoding = 4; lastKnownFileType = sourcecode.java; path = DateTypeAdapter.java; sourceTree = "<group>"; };
		83AA47FB1BBE96F3008E1C28 /* JsonAdapterAnnotationTypeAdapterFactory.java */ = {isa = PBXFileReference; fileEncoding = 4; lastKnownFileType = sourcecode.java; path = JsonAdapterAnnotationTypeAdapterFactory.java; sourceTree = "<group>"; };
		83AA47FC1BBE96F3008E1C28 /* JsonTreeReader.java */ = {isa = PBXFileReference; fileEncoding = 4; lastKnownFileType = sourcecode.java; path = JsonTreeReader.java; sourceTree = "<group>"; };
		83AA47FD1BBE96F3008E1C28 /* JsonTreeWriter.java */ = {isa = PBXFileReference; fileEncoding = 4; lastKnownFileType = sourcecode.java; path = JsonTreeWriter.java; sourceTree = "<group>"; };
		83AA47FE1BBE96F3008E1C28 /* MapTypeAdapterFactory.java */ = {isa = PBXFileReference; fileEncoding = 4; lastKnownFileType = sourcecode.java; path = MapTypeAdapterFactory.java; sourceTree = "<group>"; };
		83AA47FF1BBE96F3008E1C28 /* ObjectTypeAdapter.java */ = {isa = PBXFileReference; fileEncoding = 4; lastKnownFileType = sourcecode.java; path = ObjectTypeAdapter.java; sourceTree = "<group>"; };
		83AA48001BBE96F3008E1C28 /* ReflectiveTypeAdapterFactory.java */ = {isa = PBXFileReference; fileEncoding = 4; lastKnownFileType = sourcecode.java; path = ReflectiveTypeAdapterFactory.java; sourceTree = "<group>"; };
		83AA48011BBE96F3008E1C28 /* SqlDateTypeAdapter.java */ = {isa = PBXFileReference; fileEncoding = 4; lastKnownFileType = sourcecode.java; path = SqlDateTypeAdapter.java; sourceTree = "<group>"; };
		83AA48021BBE96F3008E1C28 /* TimeTypeAdapter.java */ = {isa = PBXFileReference; fileEncoding = 4; lastKnownFileType = sourcecode.java; path = TimeTypeAdapter.java; sourceTree = "<group>"; };
		83AA48031BBE96F3008E1C28 /* TypeAdapterRuntimeTypeWrapper.java */ = {isa = PBXFileReference; fileEncoding = 4; lastKnownFileType = sourcecode.java; path = TypeAdapterRuntimeTypeWrapper.java; sourceTree = "<group>"; };
		83AA48041BBE96F3008E1C28 /* TypeAdapters.java */ = {isa = PBXFileReference; fileEncoding = 4; lastKnownFileType = sourcecode.java; path = TypeAdapters.java; sourceTree = "<group>"; };
		83AA48051BBE96F3008E1C28 /* ConstructorConstructor.java */ = {isa = PBXFileReference; fileEncoding = 4; lastKnownFileType = sourcecode.java; path = ConstructorConstructor.java; sourceTree = "<group>"; };
		83AA48061BBE96F3008E1C28 /* Excluder.java */ = {isa = PBXFileReference; fileEncoding = 4; lastKnownFileType = sourcecode.java; path = Excluder.java; sourceTree = "<group>"; };
		83AA48071BBE96F3008E1C28 /* JsonReaderInternalAccess.java */ = {isa = PBXFileReference; fileEncoding = 4; lastKnownFileType = sourcecode.java; path = JsonReaderInternalAccess.java; sourceTree = "<group>"; };
		83AA48081BBE96F3008E1C28 /* LazilyParsedNumber.java */ = {isa = PBXFileReference; fileEncoding = 4; lastKnownFileType = sourcecode.java; path = LazilyParsedNumber.java; sourceTree = "<group>"; };
		83AA48091BBE96F3008E1C28 /* LinkedHashTreeMap.java */ = {isa = PBXFileReference; fileEncoding = 4; lastKnownFileType = sourcecode.java; path = LinkedHashTreeMap.java; sourceTree = "<group>"; };
		83AA480A1BBE96F3008E1C28 /* LinkedTreeMap.java */ = {isa = PBXFileReference; fileEncoding = 4; lastKnownFileType = sourcecode.java; path = LinkedTreeMap.java; sourceTree = "<group>"; };
		83AA480B1BBE96F3008E1C28 /* ObjectConstructor.java */ = {isa = PBXFileReference; fileEncoding = 4; lastKnownFileType = sourcecode.java; path = ObjectConstructor.java; sourceTree = "<group>"; };
		83AA480C1BBE96F3008E1C28 /* Primitives.java */ = {isa = PBXFileReference; fileEncoding = 4; lastKnownFileType = sourcecode.java; path = Primitives.java; sourceTree = "<group>"; };
		83AA480D1BBE96F3008E1C28 /* Streams.java */ = {isa = PBXFileReference; fileEncoding = 4; lastKnownFileType = sourcecode.java; path = Streams.java; sourceTree = "<group>"; };
		83AA480E1BBE96F3008E1C28 /* UnsafeAllocator.java */ = {isa = PBXFileReference; fileEncoding = 4; lastKnownFileType = sourcecode.java; path = UnsafeAllocator.java; sourceTree = "<group>"; };
		83AA480F1BBE96F3008E1C28 /* JsonArray.java */ = {isa = PBXFileReference; fileEncoding = 4; lastKnownFileType = sourcecode.java; path = JsonArray.java; sourceTree = "<group>"; };
		83AA48101BBE96F3008E1C28 /* JsonDeserializationContext.java */ = {isa = PBXFileReference; fileEncoding = 4; lastKnownFileType = sourcecode.java; path = JsonDeserializationContext.java; sourceTree = "<group>"; };
		83AA48111BBE96F3008E1C28 /* JsonDeserializer.java */ = {isa = PBXFileReference; fileEncoding = 4; lastKnownFileType = sourcecode.java; path = JsonDeserializer.java; sourceTree = "<group>"; };
		83AA48121BBE96F3008E1C28 /* JsonElement.java */ = {isa = PBXFileReference; fileEncoding = 4; lastKnownFileType = sourcecode.java; path = JsonElement.java; sourceTree = "<group>"; };
		83AA48131BBE96F3008E1C28 /* JsonIOException.java */ = {isa = PBXFileReference; fileEncoding = 4; lastKnownFileType = sourcecode.java; path = JsonIOException.java; sourceTree = "<group>"; };
		83AA48141BBE96F3008E1C28 /* JsonNull.java */ = {isa = PBXFileReference; fileEncoding = 4; lastKnownFileType = sourcecode.java; path = JsonNull.java; sourceTree = "<group>"; };
		83AA48151BBE96F3008E1C28 /* JsonObject.java */ = {isa = PBXFileReference; fileEncoding = 4; lastKnownFileType = sourcecode.java; path = JsonObject.java; sourceTree = "<group>"; };
		83AA48161BBE96F3008E1C28 /* JsonParseException.java */ = {isa = PBXFileReference; fileEncoding = 4; lastKnownFileType = sourcecode.java; path = JsonParseException.java; sourceTree = "<group>"; };
		83AA48171BBE96F3008E1C28 /* JsonParser.java */ = {isa = PBXFileReference; fileEncoding = 4; lastKnownFileType = sourcecode.java; path = JsonParser.java; sourceTree = "<group>"; };
		83AA48181BBE96F3008E1C28 /* JsonPrimitive.java */ = {isa = PBXFileReference; fileEncoding = 4; lastKnownFileType = sourcecode.java; path = JsonPrimitive.java; sourceTree = "<group>"; };
		83AA48191BBE96F3008E1C28 /* JsonSerializationContext.java */ = {isa = PBXFileReference; fileEncoding = 4; lastKnownFileType = sourcecode.java; path = JsonSerializationContext.java; sourceTree = "<group>"; };
		83AA481A1BBE96F3008E1C28 /* JsonSerializer.java */ = {isa = PBXFileReference; fileEncoding = 4; lastKnownFileType = sourcecode.java; path = JsonSerializer.java; sourceTree = "<group>"; };
		83AA481B1BBE96F3008E1C28 /* JsonStreamParser.java */ = {isa = PBXFileReference; fileEncoding = 4; lastKnownFileType = sourcecode.java; path = JsonStreamParser.java; sourceTree = "<group>"; };
		83AA481C1BBE96F3008E1C28 /* JsonSyntaxException.java */ = {isa = PBXFileReference; fileEncoding = 4; lastKnownFileType = sourcecode.java; path = JsonSyntaxException.java; sourceTree = "<group>"; };
		83AA481D1BBE96F3008E1C28 /* LongSerializationPolicy.java */ = {isa = PBXFileReference; fileEncoding = 4; lastKnownFileType = sourcecode.java; path = LongSerializationPolicy.java; sourceTree = "<group>"; };
		83AA481F1BBE96F3008E1C28 /* TypeToken.java */ = {isa = PBXFileReference; fileEncoding = 4; lastKnownFileType = sourcecode.java; path = TypeToken.java; sourceTree = "<group>"; };
		83AA48211BBE96F3008E1C28 /* JsonReader.java */ = {isa = PBXFileReference; fileEncoding = 4; lastKnownFileType = sourcecode.java; path = JsonReader.java; sourceTree = "<group>"; };
		83AA48221BBE96F3008E1C28 /* JsonScope.java */ = {isa = PBXFileReference; fileEncoding = 4; lastKnownFileType = sourcecode.java; path = JsonScope.java; sourceTree = "<group>"; };
		83AA48231BBE96F3008E1C28 /* JsonToken.java */ = {isa = PBXFileReference; fileEncoding = 4; lastKnownFileType = sourcecode.java; path = JsonToken.java; sourceTree = "<group>"; };
		83AA48241BBE96F3008E1C28 /* JsonWriter.java */ = {isa = PBXFileReference; fileEncoding = 4; lastKnownFileType = sourcecode.java; path = JsonWriter.java; sourceTree = "<group>"; };
		83AA48251BBE96F3008E1C28 /* MalformedJsonException.java */ = {isa = PBXFileReference; fileEncoding = 4; lastKnownFileType = sourcecode.java; path = MalformedJsonException.java; sourceTree = "<group>"; };
		83AA48261BBE96F3008E1C28 /* TreeTypeAdapter.java */ = {isa = PBXFileReference; fileEncoding = 4; lastKnownFileType = sourcecode.java; path = TreeTypeAdapter.java; sourceTree = "<group>"; };
		83AA48271BBE96F3008E1C28 /* TypeAdapter.java */ = {isa = PBXFileReference; fileEncoding = 4; lastKnownFileType = sourcecode.java; path = TypeAdapter.java; sourceTree = "<group>"; };
		83AA48281BBE96F3008E1C28 /* TypeAdapterFactory.java */ = {isa = PBXFileReference; fileEncoding = 4; lastKnownFileType = sourcecode.java; path = TypeAdapterFactory.java; sourceTree = "<group>"; };
		83AA482C1BBE96F3008E1C28 /* NetworkCallback.java */ = {isa = PBXFileReference; fileEncoding = 4; lastKnownFileType = sourcecode.java; path = NetworkCallback.java; sourceTree = "<group>"; };
		83AA482E1BBE96F3008E1C28 /* BaseLogicController.java */ = {isa = PBXFileReference; fileEncoding = 4; lastKnownFileType = sourcecode.java; path = BaseLogicController.java; sourceTree = "<group>"; };
		83AA482F1BBE96F3008E1C28 /* CoreLib.java */ = {isa = PBXFileReference; fileEncoding = 4; lastKnownFileType = sourcecode.java; path = CoreLib.java; sourceTree = "<group>"; };
		83AA48311BBE96F3008E1C28 /* EnvironmentType.java */ = {isa = PBXFileReference; fileEncoding = 4; lastKnownFileType = sourcecode.java; path = EnvironmentType.java; sourceTree = "<group>"; };
		83AA48321BBE96F3008E1C28 /* InterfaceId.java */ = {isa = PBXFileReference; fileEncoding = 4; lastKnownFileType = sourcecode.java; path = InterfaceId.java; sourceTree = "<group>"; };
		83AA48331BBE96F3008E1C28 /* PageId.java */ = {isa = PBXFileReference; fileEncoding = 4; lastKnownFileType = sourcecode.java; path = PageId.java; sourceTree = "<group>"; };
		83AA48341BBE96F3008E1C28 /* RestType.java */ = {isa = PBXFileReference; fileEncoding = 4; lastKnownFileType = sourcecode.java; path = RestType.java; sourceTree = "<group>"; };
		83AA48361BBE96F3008E1C28 /* AppNavigationInterface.java */ = {isa = PBXFileReference; fileEncoding = 4; lastKnownFileType = sourcecode.java; path = AppNavigationInterface.java; sourceTree = "<group>"; };
		83AA48371BBE96F3008E1C28 /* GpsInterface.java */ = {isa = PBXFileReference; fileEncoding = 4; lastKnownFileType = sourcecode.java; path = GpsInterface.java; sourceTree = "<group>"; };
		83AA48381BBE96F3008E1C28 /* NetworkInterface.java */ = {isa = PBXFileReference; fileEncoding = 4; lastKnownFileType = sourcecode.java; path = NetworkInterface.java; sourceTree = "<group>"; };
		83AA48391BBE96F3008E1C28 /* ShareInterface.java */ = {isa = PBXFileReference; fileEncoding = 4; lastKnownFileType = sourcecode.java; path = ShareInterface.java; sourceTree = "<group>"; };
		83AA483A1BBE96F3008E1C28 /* StorageInterface.java */ = {isa = PBXFileReference; fileEncoding = 4; lastKnownFileType = sourcecode.java; path = StorageInterface.java; sourceTree = "<group>"; };
		83AA483C1BBE96F3008E1C28 /* InterfaceManager.java */ = {isa = PBXFileReference; fileEncoding = 4; lastKnownFileType = sourcecode.java; path = InterfaceManager.java; sourceTree = "<group>"; };
		83AA483D1BBE96F3008E1C28 /* NetworkManager.java */ = {isa = PBXFileReference; fileEncoding = 4; lastKnownFileType = sourcecode.java; path = NetworkManager.java; sourceTree = "<group>"; };
		83AA483F1BBE96F3008E1C28 /* GpsModel.java */ = {isa = PBXFileReference; fileEncoding = 4; lastKnownFileType = sourcecode.java; path = GpsModel.java; sourceTree = "<group>"; };
		83AA48401BBE96F3008E1C28 /* ShareModel.java */ = {isa = PBXFileReference; fileEncoding = 4; lastKnownFileType = sourcecode.java; path = ShareModel.java; sourceTree = "<group>"; };
		83AA48421BBE96F3008E1C28 /* CoreConstants.java */ = {isa = PBXFileReference; fileEncoding = 4; lastKnownFileType = sourcecode.java; path = CoreConstants.java; sourceTree = "<group>"; };
		83EA46C61BBD4D240006E8F8 /* ios.app */ = {isa = PBXFileReference; explicitFileType = wrapper.application; includeInIndex = 0; path = ios.app; sourceTree = BUILT_PRODUCTS_DIR; };
		83EA46CA1BBD4D240006E8F8 /* Info.plist */ = {isa = PBXFileReference; lastKnownFileType = text.plist.xml; path = Info.plist; sourceTree = "<group>"; };
		83EA46CB1BBD4D240006E8F8 /* main.m */ = {isa = PBXFileReference; lastKnownFileType = sourcecode.c.objc; path = main.m; sourceTree = "<group>"; };
		83EA46CD1BBD4D240006E8F8 /* AppDelegate.h */ = {isa = PBXFileReference; lastKnownFileType = sourcecode.c.h; path = AppDelegate.h; sourceTree = "<group>"; };
		83EA46CE1BBD4D240006E8F8 /* AppDelegate.m */ = {isa = PBXFileReference; lastKnownFileType = sourcecode.c.objc; path = AppDelegate.m; sourceTree = "<group>"; };
		83EA46D01BBD4D240006E8F8 /* ViewController.h */ = {isa = PBXFileReference; lastKnownFileType = sourcecode.c.h; path = ViewController.h; sourceTree = "<group>"; };
		83EA46D11BBD4D240006E8F8 /* ViewController.m */ = {isa = PBXFileReference; lastKnownFileType = sourcecode.c.objc; path = ViewController.m; sourceTree = "<group>"; };
		83EA46D41BBD4D240006E8F8 /* Base */ = {isa = PBXFileReference; lastKnownFileType = file.storyboard; name = Base; path = Base.lproj/Main.storyboard; sourceTree = "<group>"; };
		83EA46D61BBD4D240006E8F8 /* Images.xcassets */ = {isa = PBXFileReference; lastKnownFileType = folder.assetcatalog; path = Images.xcassets; sourceTree = "<group>"; };
		83EA46D91BBD4D240006E8F8 /* Base */ = {isa = PBXFileReference; lastKnownFileType = file.xib; name = Base; path = Base.lproj/LaunchScreen.xib; sourceTree = "<group>"; };
		83EA46DF1BBD4D240006E8F8 /* iosTests.xctest */ = {isa = PBXFileReference; explicitFileType = wrapper.cfbundle; includeInIndex = 0; path = iosTests.xctest; sourceTree = BUILT_PRODUCTS_DIR; };
		83EA46E41BBD4D240006E8F8 /* Info.plist */ = {isa = PBXFileReference; lastKnownFileType = text.plist.xml; path = Info.plist; sourceTree = "<group>"; };
		83EA46E51BBD4D240006E8F8 /* iosTests.m */ = {isa = PBXFileReference; lastKnownFileType = sourcecode.c.objc; path = iosTests.m; sourceTree = "<group>"; };
		83EA48F11BBD70960006E8F8 /* Security.framework */ = {isa = PBXFileReference; lastKnownFileType = wrapper.framework; name = Security.framework; path = System/Library/Frameworks/Security.framework; sourceTree = SDKROOT; };
		83EA48F31BBD70A90006E8F8 /* libicucore.dylib */ = {isa = PBXFileReference; lastKnownFileType = "compiled.mach-o.dylib"; name = libicucore.dylib; path = usr/lib/libicucore.dylib; sourceTree = SDKROOT; };
		83EA48F51BBD70B40006E8F8 /* libz.dylib */ = {isa = PBXFileReference; lastKnownFileType = "compiled.mach-o.dylib"; name = libz.dylib; path = usr/lib/libz.dylib; sourceTree = SDKROOT; };
		83EBA0901BBD4E1D00727B59 /* prefixes.properties */ = {isa = PBXFileReference; fileEncoding = 4; lastKnownFileType = text; path = prefixes.properties; sourceTree = "<group>"; };
		83EBA0911BBD4E1D00727B59 /* Settings.xcconfig */ = {isa = PBXFileReference; fileEncoding = 4; lastKnownFileType = text.xcconfig; path = Settings.xcconfig; sourceTree = "<group>"; };
		C01D727B341EAD9922F98079 /* libPods-ios.a */ = {isa = PBXFileReference; explicitFileType = archive.ar; includeInIndex = 0; path = "libPods-ios.a"; sourceTree = BUILT_PRODUCTS_DIR; };
/* End PBXFileReference section */

/* Begin PBXFrameworksBuildPhase section */
		83EA46C31BBD4D240006E8F8 /* Frameworks */ = {
			isa = PBXFrameworksBuildPhase;
			buildActionMask = 2147483647;
			files = (
				83EA48F61BBD70B40006E8F8 /* libz.dylib in Frameworks */,
				83EA48F41BBD70A90006E8F8 /* libicucore.dylib in Frameworks */,
				83EA48F21BBD70960006E8F8 /* Security.framework in Frameworks */,
				F752859CC76BC3C7AD209644 /* libPods-ios.a in Frameworks */,
			);
			runOnlyForDeploymentPostprocessing = 0;
		};
		83EA46DC1BBD4D240006E8F8 /* Frameworks */ = {
			isa = PBXFrameworksBuildPhase;
			buildActionMask = 2147483647;
			files = (
				B9AD122EBDBBF0F30D498DAA /* libPods-iosTests.a in Frameworks */,
			);
			runOnlyForDeploymentPostprocessing = 0;
		};
/* End PBXFrameworksBuildPhase section */

/* Begin PBXGroup section */
		0BFE53BF61CED5EFCFFC6BF4 /* Pods */ = {
			isa = PBXGroup;
			children = (
				1C921FA9BFF17B739A34B554 /* Pods-ios.debug.xcconfig */,
				4D6545B5A02E7D4BA27082A3 /* Pods-ios.release.xcconfig */,
				0F66CC1D9B8661C4C6F138DE /* Pods-iosTests.debug.xcconfig */,
				044C044153DAA335D6893447 /* Pods-iosTests.release.xcconfig */,
			);
			name = Pods;
			sourceTree = "<group>";
		};
		4C6E5BB3874B83DB4865B104 /* Frameworks */ = {
			isa = PBXGroup;
			children = (
				83EA48F51BBD70B40006E8F8 /* libz.dylib */,
				83EA48F31BBD70A90006E8F8 /* libicucore.dylib */,
				83EA48F11BBD70960006E8F8 /* Security.framework */,
				C01D727B341EAD9922F98079 /* libPods-ios.a */,
				09E72C82A5630BF7C634FBB4 /* libPods-iosTests.a */,
			);
			name = Frameworks;
			sourceTree = "<group>";
		};
		83AA47E21BBE96F3008E1C28 /* java */ = {
			isa = PBXGroup;
			children = (
				83AA47E31BBE96F3008E1C28 /* com */,
			);
			name = java;
			path = ../../shared/src/main/java;
			sourceTree = "<group>";
		};
		83AA47E31BBE96F3008E1C28 /* com */ = {
			isa = PBXGroup;
			children = (
				83AA47E41BBE96F3008E1C28 /* google */,
				83AA48291BBE96F3008E1C28 /* thekmi */,
			);
			path = com;
			sourceTree = "<group>";
		};
		83AA47E41BBE96F3008E1C28 /* google */ = {
			isa = PBXGroup;
			children = (
				83AA47E51BBE96F3008E1C28 /* gson */,
			);
			path = google;
			sourceTree = "<group>";
		};
		83AA47E51BBE96F3008E1C28 /* gson */ = {
			isa = PBXGroup;
			children = (
				83AA47E61BBE96F3008E1C28 /* annotations */,
				83AA47EC1BBE96F3008E1C28 /* DefaultDateTypeAdapter.java */,
				83AA47ED1BBE96F3008E1C28 /* ExclusionStrategy.java */,
				83AA47EE1BBE96F3008E1C28 /* FieldAttributes.java */,
				83AA47EF1BBE96F3008E1C28 /* FieldNamingPolicy.java */,
				83AA47F01BBE96F3008E1C28 /* FieldNamingStrategy.java */,
				83AA47F11BBE96F3008E1C28 /* Gson.java */,
				83AA47F21BBE96F3008E1C28 /* GsonBuilder.java */,
				83AA47F31BBE96F3008E1C28 /* InstanceCreator.java */,
				83AA47F41BBE96F3008E1C28 /* internal */,
				83AA480F1BBE96F3008E1C28 /* JsonArray.java */,
				83AA48101BBE96F3008E1C28 /* JsonDeserializationContext.java */,
				83AA48111BBE96F3008E1C28 /* JsonDeserializer.java */,
				83AA48121BBE96F3008E1C28 /* JsonElement.java */,
				83AA48131BBE96F3008E1C28 /* JsonIOException.java */,
				83AA48141BBE96F3008E1C28 /* JsonNull.java */,
				83AA48151BBE96F3008E1C28 /* JsonObject.java */,
				83AA48161BBE96F3008E1C28 /* JsonParseException.java */,
				83AA48171BBE96F3008E1C28 /* JsonParser.java */,
				83AA48181BBE96F3008E1C28 /* JsonPrimitive.java */,
				83AA48191BBE96F3008E1C28 /* JsonSerializationContext.java */,
				83AA481A1BBE96F3008E1C28 /* JsonSerializer.java */,
				83AA481B1BBE96F3008E1C28 /* JsonStreamParser.java */,
				83AA481C1BBE96F3008E1C28 /* JsonSyntaxException.java */,
				83AA481D1BBE96F3008E1C28 /* LongSerializationPolicy.java */,
				83AA481E1BBE96F3008E1C28 /* reflect */,
				83AA48201BBE96F3008E1C28 /* stream */,
				83AA48261BBE96F3008E1C28 /* TreeTypeAdapter.java */,
				83AA48271BBE96F3008E1C28 /* TypeAdapter.java */,
				83AA48281BBE96F3008E1C28 /* TypeAdapterFactory.java */,
			);
			path = gson;
			sourceTree = "<group>";
		};
		83AA47E61BBE96F3008E1C28 /* annotations */ = {
			isa = PBXGroup;
			children = (
				83AA47E71BBE96F3008E1C28 /* Expose.java */,
				83AA47E81BBE96F3008E1C28 /* JsonAdapter.java */,
				83AA47E91BBE96F3008E1C28 /* SerializedName.java */,
				83AA47EA1BBE96F3008E1C28 /* Since.java */,
				83AA47EB1BBE96F3008E1C28 /* Until.java */,
			);
			path = annotations;
			sourceTree = "<group>";
		};
		83AA47F41BBE96F3008E1C28 /* internal */ = {
			isa = PBXGroup;
			children = (
				83AA47F51BBE96F3008E1C28 /* $Gson$Preconditions.java */,
				83AA47F61BBE96F3008E1C28 /* $Gson$Types.java */,
				83AA47F71BBE96F3008E1C28 /* bind */,
				83AA48051BBE96F3008E1C28 /* ConstructorConstructor.java */,
				83AA48061BBE96F3008E1C28 /* Excluder.java */,
				83AA48071BBE96F3008E1C28 /* JsonReaderInternalAccess.java */,
				83AA48081BBE96F3008E1C28 /* LazilyParsedNumber.java */,
				83AA48091BBE96F3008E1C28 /* LinkedHashTreeMap.java */,
				83AA480A1BBE96F3008E1C28 /* LinkedTreeMap.java */,
				83AA480B1BBE96F3008E1C28 /* ObjectConstructor.java */,
				83AA480C1BBE96F3008E1C28 /* Primitives.java */,
				83AA480D1BBE96F3008E1C28 /* Streams.java */,
				83AA480E1BBE96F3008E1C28 /* UnsafeAllocator.java */,
			);
			path = internal;
			sourceTree = "<group>";
		};
		83AA47F71BBE96F3008E1C28 /* bind */ = {
			isa = PBXGroup;
			children = (
				83AA47F81BBE96F3008E1C28 /* ArrayTypeAdapter.java */,
				83AA47F91BBE96F3008E1C28 /* CollectionTypeAdapterFactory.java */,
				83AA47FA1BBE96F3008E1C28 /* DateTypeAdapter.java */,
				83AA47FB1BBE96F3008E1C28 /* JsonAdapterAnnotationTypeAdapterFactory.java */,
				83AA47FC1BBE96F3008E1C28 /* JsonTreeReader.java */,
				83AA47FD1BBE96F3008E1C28 /* JsonTreeWriter.java */,
				83AA47FE1BBE96F3008E1C28 /* MapTypeAdapterFactory.java */,
				83AA47FF1BBE96F3008E1C28 /* ObjectTypeAdapter.java */,
				83AA48001BBE96F3008E1C28 /* ReflectiveTypeAdapterFactory.java */,
				83AA48011BBE96F3008E1C28 /* SqlDateTypeAdapter.java */,
				83AA48021BBE96F3008E1C28 /* TimeTypeAdapter.java */,
				83AA48031BBE96F3008E1C28 /* TypeAdapterRuntimeTypeWrapper.java */,
				83AA48041BBE96F3008E1C28 /* TypeAdapters.java */,
			);
			path = bind;
			sourceTree = "<group>";
		};
		83AA481E1BBE96F3008E1C28 /* reflect */ = {
			isa = PBXGroup;
			children = (
				83AA481F1BBE96F3008E1C28 /* TypeToken.java */,
			);
			path = reflect;
			sourceTree = "<group>";
		};
		83AA48201BBE96F3008E1C28 /* stream */ = {
			isa = PBXGroup;
			children = (
				83AA48211BBE96F3008E1C28 /* JsonReader.java */,
				83AA48221BBE96F3008E1C28 /* JsonScope.java */,
				83AA48231BBE96F3008E1C28 /* JsonToken.java */,
				83AA48241BBE96F3008E1C28 /* JsonWriter.java */,
				83AA48251BBE96F3008E1C28 /* MalformedJsonException.java */,
			);
			path = stream;
			sourceTree = "<group>";
		};
		83AA48291BBE96F3008E1C28 /* thekmi */ = {
			isa = PBXGroup;
			children = (
				83AA482A1BBE96F3008E1C28 /* cross_platform_workspace */,
			);
			path = thekmi;
			sourceTree = "<group>";
		};
		83AA482A1BBE96F3008E1C28 /* cross_platform_workspace */ = {
			isa = PBXGroup;
			children = (
				83AA482B1BBE96F3008E1C28 /* callbacks */,
				83AA482D1BBE96F3008E1C28 /* controllers */,
				83AA482F1BBE96F3008E1C28 /* CoreLib.java */,
				83AA48301BBE96F3008E1C28 /* enums */,
				83AA48351BBE96F3008E1C28 /* interfaces */,
				83AA483B1BBE96F3008E1C28 /* managers */,
				83AA483E1BBE96F3008E1C28 /* models */,
				83AA48411BBE96F3008E1C28 /* utils */,
			);
			path = cross_platform_workspace;
			sourceTree = "<group>";
		};
		83AA482B1BBE96F3008E1C28 /* callbacks */ = {
			isa = PBXGroup;
			children = (
				83AA482C1BBE96F3008E1C28 /* NetworkCallback.java */,
			);
			path = callbacks;
			sourceTree = "<group>";
		};
		83AA482D1BBE96F3008E1C28 /* controllers */ = {
			isa = PBXGroup;
			children = (
				83AA482E1BBE96F3008E1C28 /* BaseLogicController.java */,
			);
			path = controllers;
			sourceTree = "<group>";
		};
		83AA48301BBE96F3008E1C28 /* enums */ = {
			isa = PBXGroup;
			children = (
				83AA48311BBE96F3008E1C28 /* EnvironmentType.java */,
				83AA48321BBE96F3008E1C28 /* InterfaceId.java */,
				83AA48331BBE96F3008E1C28 /* PageId.java */,
				83AA48341BBE96F3008E1C28 /* RestType.java */,
			);
			path = enums;
			sourceTree = "<group>";
		};
		83AA48351BBE96F3008E1C28 /* interfaces */ = {
			isa = PBXGroup;
			children = (
				83AA48361BBE96F3008E1C28 /* AppNavigationInterface.java */,
				83AA48371BBE96F3008E1C28 /* GpsInterface.java */,
				83AA48381BBE96F3008E1C28 /* NetworkInterface.java */,
				83AA48391BBE96F3008E1C28 /* ShareInterface.java */,
				83AA483A1BBE96F3008E1C28 /* StorageInterface.java */,
			);
			path = interfaces;
			sourceTree = "<group>";
		};
		83AA483B1BBE96F3008E1C28 /* managers */ = {
			isa = PBXGroup;
			children = (
				83AA483C1BBE96F3008E1C28 /* InterfaceManager.java */,
				83AA483D1BBE96F3008E1C28 /* NetworkManager.java */,
			);
			path = managers;
			sourceTree = "<group>";
		};
		83AA483E1BBE96F3008E1C28 /* models */ = {
			isa = PBXGroup;
			children = (
				83AA483F1BBE96F3008E1C28 /* GpsModel.java */,
				83AA48401BBE96F3008E1C28 /* ShareModel.java */,
			);
			path = models;
			sourceTree = "<group>";
		};
		83AA48411BBE96F3008E1C28 /* utils */ = {
			isa = PBXGroup;
			children = (
				83AA48421BBE96F3008E1C28 /* CoreConstants.java */,
			);
			path = utils;
			sourceTree = "<group>";
		};
		83EA46BD1BBD4D240006E8F8 = {
			isa = PBXGroup;
			children = (
				83EBA08F1BBD4E1D00727B59 /* Config */,
				83EA46C81BBD4D240006E8F8 /* ios */,
				83EA46E21BBD4D240006E8F8 /* iosTests */,
				83EA46C71BBD4D240006E8F8 /* Products */,
				0BFE53BF61CED5EFCFFC6BF4 /* Pods */,
				4C6E5BB3874B83DB4865B104 /* Frameworks */,
			);
			sourceTree = "<group>";
		};
		83EA46C71BBD4D240006E8F8 /* Products */ = {
			isa = PBXGroup;
			children = (
				83EA46C61BBD4D240006E8F8 /* ios.app */,
				83EA46DF1BBD4D240006E8F8 /* iosTests.xctest */,
			);
			name = Products;
			sourceTree = "<group>";
		};
		83EA46C81BBD4D240006E8F8 /* ios */ = {
			isa = PBXGroup;
			children = (
				83AA47E21BBE96F3008E1C28 /* java */,
				83EA46CD1BBD4D240006E8F8 /* AppDelegate.h */,
				83EA46CE1BBD4D240006E8F8 /* AppDelegate.m */,
				83EA46D01BBD4D240006E8F8 /* ViewController.h */,
				83EA46D11BBD4D240006E8F8 /* ViewController.m */,
				83EA46D31BBD4D240006E8F8 /* Main.storyboard */,
				83EA46D61BBD4D240006E8F8 /* Images.xcassets */,
				83EA46D81BBD4D240006E8F8 /* LaunchScreen.xib */,
				83EA46C91BBD4D240006E8F8 /* Supporting Files */,
			);
			path = ios;
			sourceTree = "<group>";
		};
		83EA46C91BBD4D240006E8F8 /* Supporting Files */ = {
			isa = PBXGroup;
			children = (
				83EA46CA1BBD4D240006E8F8 /* Info.plist */,
				83EA46CB1BBD4D240006E8F8 /* main.m */,
			);
			name = "Supporting Files";
			sourceTree = "<group>";
		};
		83EA46E21BBD4D240006E8F8 /* iosTests */ = {
			isa = PBXGroup;
			children = (
				83EA46E51BBD4D240006E8F8 /* iosTests.m */,
				83EA46E31BBD4D240006E8F8 /* Supporting Files */,
			);
			path = iosTests;
			sourceTree = "<group>";
		};
		83EA46E31BBD4D240006E8F8 /* Supporting Files */ = {
			isa = PBXGroup;
			children = (
				83EA46E41BBD4D240006E8F8 /* Info.plist */,
			);
			name = "Supporting Files";
			sourceTree = "<group>";
		};
		83EBA08F1BBD4E1D00727B59 /* Config */ = {
			isa = PBXGroup;
			children = (
				83EBA0901BBD4E1D00727B59 /* prefixes.properties */,
				83EBA0911BBD4E1D00727B59 /* Settings.xcconfig */,
			);
			path = Config;
			sourceTree = "<group>";
		};
/* End PBXGroup section */

/* Begin PBXNativeTarget section */
		83EA46C51BBD4D240006E8F8 /* ios */ = {
			isa = PBXNativeTarget;
			buildConfigurationList = 83EA46E91BBD4D240006E8F8 /* Build configuration list for PBXNativeTarget "ios" */;
			buildPhases = (
				D3D63567E709095339D69427 /* Check Pods Manifest.lock */,
				83EA46C21BBD4D240006E8F8 /* Sources */,
				83EA46C31BBD4D240006E8F8 /* Frameworks */,
				83EA46C41BBD4D240006E8F8 /* Resources */,
				1F0B4AD90F0F38ECE7E0A3A6 /* Copy Pods Resources */,
			);
			buildRules = (
				83EA46EF1BBD52220006E8F8 /* PBXBuildRule */,
			);
			dependencies = (
			);
			name = ios;
			productName = ios;
			productReference = 83EA46C61BBD4D240006E8F8 /* ios.app */;
			productType = "com.apple.product-type.application";
		};
		83EA46DE1BBD4D240006E8F8 /* iosTests */ = {
			isa = PBXNativeTarget;
			buildConfigurationList = 83EA46EC1BBD4D240006E8F8 /* Build configuration list for PBXNativeTarget "iosTests" */;
			buildPhases = (
				CE2EB34D4FF768522E0E91CB /* Check Pods Manifest.lock */,
				83EA46DB1BBD4D240006E8F8 /* Sources */,
				83EA46DC1BBD4D240006E8F8 /* Frameworks */,
				83EA46DD1BBD4D240006E8F8 /* Resources */,
				DFA3CC12C1474FD2FA0B7558 /* Copy Pods Resources */,
			);
			buildRules = (
			);
			dependencies = (
				83EA46E11BBD4D240006E8F8 /* PBXTargetDependency */,
			);
			name = iosTests;
			productName = iosTests;
			productReference = 83EA46DF1BBD4D240006E8F8 /* iosTests.xctest */;
			productType = "com.apple.product-type.bundle.unit-test";
		};
/* End PBXNativeTarget section */

/* Begin PBXProject section */
		83EA46BE1BBD4D240006E8F8 /* Project object */ = {
			isa = PBXProject;
			attributes = {
				LastUpgradeCheck = 0630;
				ORGANIZATIONNAME = "Karl-Martin Ilves";
				TargetAttributes = {
					83EA46C51BBD4D240006E8F8 = {
						CreatedOnToolsVersion = 6.3;
					};
					83EA46DE1BBD4D240006E8F8 = {
						CreatedOnToolsVersion = 6.3;
						TestTargetID = 83EA46C51BBD4D240006E8F8;
					};
				};
			};
			buildConfigurationList = 83EA46C11BBD4D240006E8F8 /* Build configuration list for PBXProject "ios" */;
			compatibilityVersion = "Xcode 3.2";
			developmentRegion = English;
			hasScannedForEncodings = 0;
			knownRegions = (
				en,
				Base,
			);
			mainGroup = 83EA46BD1BBD4D240006E8F8;
			productRefGroup = 83EA46C71BBD4D240006E8F8 /* Products */;
			projectDirPath = "";
			projectRoot = "";
			targets = (
				83EA46C51BBD4D240006E8F8 /* ios */,
				83EA46DE1BBD4D240006E8F8 /* iosTests */,
			);
		};
/* End PBXProject section */

/* Begin PBXResourcesBuildPhase section */
		83EA46C41BBD4D240006E8F8 /* Resources */ = {
			isa = PBXResourcesBuildPhase;
			buildActionMask = 2147483647;
			files = (
				83EBA0921BBD4E1D00727B59 /* prefixes.properties in Resources */,
				83EA46D51BBD4D240006E8F8 /* Main.storyboard in Resources */,
				83EBA0931BBD4E1D00727B59 /* Settings.xcconfig in Resources */,
				83EA46DA1BBD4D240006E8F8 /* LaunchScreen.xib in Resources */,
				83EA46D71BBD4D240006E8F8 /* Images.xcassets in Resources */,
			);
			runOnlyForDeploymentPostprocessing = 0;
		};
		83EA46DD1BBD4D240006E8F8 /* Resources */ = {
			isa = PBXResourcesBuildPhase;
			buildActionMask = 2147483647;
			files = (
			);
			runOnlyForDeploymentPostprocessing = 0;
		};
/* End PBXResourcesBuildPhase section */

/* Begin PBXShellScriptBuildPhase section */
		1F0B4AD90F0F38ECE7E0A3A6 /* Copy Pods Resources */ = {
			isa = PBXShellScriptBuildPhase;
			buildActionMask = 2147483647;
			files = (
			);
			inputPaths = (
			);
			name = "Copy Pods Resources";
			outputPaths = (
			);
			runOnlyForDeploymentPostprocessing = 0;
			shellPath = /bin/sh;
			shellScript = "\"${SRCROOT}/Pods/Target Support Files/Pods-ios/Pods-ios-resources.sh\"\n";
			showEnvVarsInLog = 0;
		};
		CE2EB34D4FF768522E0E91CB /* Check Pods Manifest.lock */ = {
			isa = PBXShellScriptBuildPhase;
			buildActionMask = 2147483647;
			files = (
			);
			inputPaths = (
			);
			name = "Check Pods Manifest.lock";
			outputPaths = (
			);
			runOnlyForDeploymentPostprocessing = 0;
			shellPath = /bin/sh;
			shellScript = "diff \"${PODS_ROOT}/../Podfile.lock\" \"${PODS_ROOT}/Manifest.lock\" > /dev/null\nif [[ $? != 0 ]] ; then\n    cat << EOM\nerror: The sandbox is not in sync with the Podfile.lock. Run 'pod install' or update your CocoaPods installation.\nEOM\n    exit 1\nfi\n";
			showEnvVarsInLog = 0;
		};
		D3D63567E709095339D69427 /* Check Pods Manifest.lock */ = {
			isa = PBXShellScriptBuildPhase;
			buildActionMask = 2147483647;
			files = (
			);
			inputPaths = (
			);
			name = "Check Pods Manifest.lock";
			outputPaths = (
			);
			runOnlyForDeploymentPostprocessing = 0;
			shellPath = /bin/sh;
			shellScript = "diff \"${PODS_ROOT}/../Podfile.lock\" \"${PODS_ROOT}/Manifest.lock\" > /dev/null\nif [[ $? != 0 ]] ; then\n    cat << EOM\nerror: The sandbox is not in sync with the Podfile.lock. Run 'pod install' or update your CocoaPods installation.\nEOM\n    exit 1\nfi\n";
			showEnvVarsInLog = 0;
		};
		DFA3CC12C1474FD2FA0B7558 /* Copy Pods Resources */ = {
			isa = PBXShellScriptBuildPhase;
			buildActionMask = 2147483647;
			files = (
			);
			inputPaths = (
			);
			name = "Copy Pods Resources";
			outputPaths = (
			);
			runOnlyForDeploymentPostprocessing = 0;
			shellPath = /bin/sh;
			shellScript = "\"${SRCROOT}/Pods/Target Support Files/Pods-iosTests/Pods-iosTests-resources.sh\"\n";
			showEnvVarsInLog = 0;
		};
/* End PBXShellScriptBuildPhase section */

/* Begin PBXSourcesBuildPhase section */
		83EA46C21BBD4D240006E8F8 /* Sources */ = {
			isa = PBXSourcesBuildPhase;
			buildActionMask = 2147483647;
			files = (
				83AA48751BBE96F3008E1C28 /* JsonStreamParser.java in Sources */,
				83AA48761BBE96F3008E1C28 /* JsonSyntaxException.java in Sources */,
				83AA48521BBE96F3008E1C28 /* ArrayTypeAdapter.java in Sources */,
				83AA488C1BBE96F3008E1C28 /* StorageInterface.java in Sources */,
				83AA487F1BBE96F3008E1C28 /* TypeAdapter.java in Sources */,
				83AA485E1BBE96F3008E1C28 /* TypeAdapters.java in Sources */,
				83AA484B1BBE96F3008E1C28 /* FieldNamingPolicy.java in Sources */,
				83AA488D1BBE96F3008E1C28 /* InterfaceManager.java in Sources */,
				83AA48671BBE96F3008E1C28 /* Streams.java in Sources */,
				83AA48571BBE96F3008E1C28 /* JsonTreeWriter.java in Sources */,
				83AA48641BBE96F3008E1C28 /* LinkedTreeMap.java in Sources */,
				83AA48711BBE96F3008E1C28 /* JsonParser.java in Sources */,
				83AA48881BBE96F3008E1C28 /* AppNavigationInterface.java in Sources */,
				83AA48601BBE96F3008E1C28 /* Excluder.java in Sources */,
				83AA48771BBE96F3008E1C28 /* LongSerializationPolicy.java in Sources */,
				83AA486C1BBE96F3008E1C28 /* JsonElement.java in Sources */,
				83AA48541BBE96F3008E1C28 /* DateTypeAdapter.java in Sources */,
				83AA48901BBE96F3008E1C28 /* ShareModel.java in Sources */,
				83AA48781BBE96F3008E1C28 /* TypeToken.java in Sources */,
				83AA48561BBE96F3008E1C28 /* JsonTreeReader.java in Sources */,
				83AA488A1BBE96F3008E1C28 /* NetworkInterface.java in Sources */,
				83EA46D21BBD4D240006E8F8 /* ViewController.m in Sources */,
				83AA48811BBE96F3008E1C28 /* NetworkCallback.java in Sources */,
				83AA486D1BBE96F3008E1C28 /* JsonIOException.java in Sources */,
				83AA48651BBE96F3008E1C28 /* ObjectConstructor.java in Sources */,
				83AA48861BBE96F3008E1C28 /* PageId.java in Sources */,
				83AA48911BBE96F3008E1C28 /* CoreConstants.java in Sources */,
				83AA48731BBE96F3008E1C28 /* JsonSerializationContext.java in Sources */,
				83AA484D1BBE96F3008E1C28 /* Gson.java in Sources */,
				83AA486A1BBE96F3008E1C28 /* JsonDeserializationContext.java in Sources */,
				83AA48531BBE96F3008E1C28 /* CollectionTypeAdapterFactory.java in Sources */,
				83AA488E1BBE96F3008E1C28 /* NetworkManager.java in Sources */,
				83AA486F1BBE96F3008E1C28 /* JsonObject.java in Sources */,
				83AA485A1BBE96F3008E1C28 /* ReflectiveTypeAdapterFactory.java in Sources */,
				83AA48681BBE96F3008E1C28 /* UnsafeAllocator.java in Sources */,
				83AA48611BBE96F3008E1C28 /* JsonReaderInternalAccess.java in Sources */,
				83AA48871BBE96F3008E1C28 /* RestType.java in Sources */,
				83AA48821BBE96F3008E1C28 /* BaseLogicController.java in Sources */,
				83EA46CF1BBD4D240006E8F8 /* AppDelegate.m in Sources */,
				83AA48481BBE96F3008E1C28 /* DefaultDateTypeAdapter.java in Sources */,
				83AA48801BBE96F3008E1C28 /* TypeAdapterFactory.java in Sources */,
				83AA48851BBE96F3008E1C28 /* InterfaceId.java in Sources */,
				83AA488F1BBE96F3008E1C28 /* GpsModel.java in Sources */,
				83AA48661BBE96F3008E1C28 /* Primitives.java in Sources */,
				83EA46CC1BBD4D240006E8F8 /* main.m in Sources */,
				83AA48621BBE96F3008E1C28 /* LazilyParsedNumber.java in Sources */,
				83AA485B1BBE96F3008E1C28 /* SqlDateTypeAdapter.java in Sources */,
				83AA48511BBE96F3008E1C28 /* $Gson$Types.java in Sources */,
				83AA487C1BBE96F3008E1C28 /* JsonWriter.java in Sources */,
				83AA485D1BBE96F3008E1C28 /* TypeAdapterRuntimeTypeWrapper.java in Sources */,
				83AA487E1BBE96F3008E1C28 /* TreeTypeAdapter.java in Sources */,
				83AA48591BBE96F3008E1C28 /* ObjectTypeAdapter.java in Sources */,
				83AA48501BBE96F3008E1C28 /* $Gson$Preconditions.java in Sources */,
				83AA48721BBE96F3008E1C28 /* JsonPrimitive.java in Sources */,
				83AA48581BBE96F3008E1C28 /* MapTypeAdapterFactory.java in Sources */,
				83AA48441BBE96F3008E1C28 /* JsonAdapter.java in Sources */,
				83AA484A1BBE96F3008E1C28 /* FieldAttributes.java in Sources */,
				83AA486E1BBE96F3008E1C28 /* JsonNull.java in Sources */,
				83AA484E1BBE96F3008E1C28 /* GsonBuilder.java in Sources */,
				83AA484F1BBE96F3008E1C28 /* InstanceCreator.java in Sources */,
				83AA48701BBE96F3008E1C28 /* JsonParseException.java in Sources */,
				83AA48691BBE96F3008E1C28 /* JsonArray.java in Sources */,
				83AA485F1BBE96F3008E1C28 /* ConstructorConstructor.java in Sources */,
				83AA486B1BBE96F3008E1C28 /* JsonDeserializer.java in Sources */,
				83AA48491BBE96F3008E1C28 /* ExclusionStrategy.java in Sources */,
				83AA48461BBE96F3008E1C28 /* Since.java in Sources */,
				83AA48551BBE96F3008E1C28 /* JsonAdapterAnnotationTypeAdapterFactory.java in Sources */,
				83AA484C1BBE96F3008E1C28 /* FieldNamingStrategy.java in Sources */,
				83AA48841BBE96F3008E1C28 /* EnvironmentType.java in Sources */,
				83AA48631BBE96F3008E1C28 /* LinkedHashTreeMap.java in Sources */,
				83AA485C1BBE96F3008E1C28 /* TimeTypeAdapter.java in Sources */,
				83AA487B1BBE96F3008E1C28 /* JsonToken.java in Sources */,
				83AA48831BBE96F3008E1C28 /* CoreLib.java in Sources */,
				83AA48451BBE96F3008E1C28 /* SerializedName.java in Sources */,
				83AA487A1BBE96F3008E1C28 /* JsonScope.java in Sources */,
				83AA48891BBE96F3008E1C28 /* GpsInterface.java in Sources */,
				83AA48471BBE96F3008E1C28 /* Until.java in Sources */,
				83AA48431BBE96F3008E1C28 /* Expose.java in Sources */,
				83AA487D1BBE96F3008E1C28 /* MalformedJsonException.java in Sources */,
				83AA48791BBE96F3008E1C28 /* JsonReader.java in Sources */,
				83AA48741BBE96F3008E1C28 /* JsonSerializer.java in Sources */,
				83AA488B1BBE96F3008E1C28 /* ShareInterface.java in Sources */,
			);
			runOnlyForDeploymentPostprocessing = 0;
		};
		83EA46DB1BBD4D240006E8F8 /* Sources */ = {
			isa = PBXSourcesBuildPhase;
			buildActionMask = 2147483647;
			files = (
				83EA46E61BBD4D240006E8F8 /* iosTests.m in Sources */,
			);
			runOnlyForDeploymentPostprocessing = 0;
		};
/* End PBXSourcesBuildPhase section */

/* Begin PBXTargetDependency section */
		83EA46E11BBD4D240006E8F8 /* PBXTargetDependency */ = {
			isa = PBXTargetDependency;
			target = 83EA46C51BBD4D240006E8F8 /* ios */;
			targetProxy = 83EA46E01BBD4D240006E8F8 /* PBXContainerItemProxy */;
		};
/* End PBXTargetDependency section */

/* Begin PBXVariantGroup section */
		83EA46D31BBD4D240006E8F8 /* Main.storyboard */ = {
			isa = PBXVariantGroup;
			children = (
				83EA46D41BBD4D240006E8F8 /* Base */,
			);
			name = Main.storyboard;
			sourceTree = "<group>";
		};
		83EA46D81BBD4D240006E8F8 /* LaunchScreen.xib */ = {
			isa = PBXVariantGroup;
			children = (
				83EA46D91BBD4D240006E8F8 /* Base */,
			);
			name = LaunchScreen.xib;
			sourceTree = "<group>";
		};
/* End PBXVariantGroup section */

/* Begin XCBuildConfiguration section */
		83EA46E71BBD4D240006E8F8 /* Debug */ = {
			isa = XCBuildConfiguration;
			baseConfigurationReference = 83EBA0911BBD4E1D00727B59 /* Settings.xcconfig */;
			buildSettings = {
				ALWAYS_SEARCH_USER_PATHS = YES;
				CLANG_CXX_LANGUAGE_STANDARD = "gnu++0x";
				CLANG_CXX_LIBRARY = "libc++";
				CLANG_ENABLE_MODULES = YES;
				CLANG_ENABLE_OBJC_ARC = YES;
				CLANG_WARN_BOOL_CONVERSION = YES;
				CLANG_WARN_CONSTANT_CONVERSION = YES;
				CLANG_WARN_DIRECT_OBJC_ISA_USAGE = YES_ERROR;
				CLANG_WARN_EMPTY_BODY = YES;
				CLANG_WARN_ENUM_CONVERSION = YES;
				CLANG_WARN_INT_CONVERSION = YES;
				CLANG_WARN_OBJC_ROOT_CLASS = YES_ERROR;
				CLANG_WARN_UNREACHABLE_CODE = YES;
				CLANG_WARN__DUPLICATE_METHOD_MATCH = YES;
				"CODE_SIGN_IDENTITY[sdk=iphoneos*]" = "iPhone Developer";
				COPY_PHASE_STRIP = NO;
				DEBUG_INFORMATION_FORMAT = "dwarf-with-dsym";
				ENABLE_STRICT_OBJC_MSGSEND = YES;
				GCC_C_LANGUAGE_STANDARD = gnu99;
				GCC_DYNAMIC_NO_PIC = NO;
				GCC_NO_COMMON_BLOCKS = YES;
				GCC_OPTIMIZATION_LEVEL = 0;
				GCC_PREPROCESSOR_DEFINITIONS = (
					"DEBUG=1",
					"$(inherited)",
				);
				GCC_SYMBOLS_PRIVATE_EXTERN = NO;
				GCC_WARN_64_TO_32_BIT_CONVERSION = YES;
				GCC_WARN_ABOUT_RETURN_TYPE = YES_ERROR;
				GCC_WARN_UNDECLARED_SELECTOR = YES;
				GCC_WARN_UNINITIALIZED_AUTOS = YES_AGGRESSIVE;
				GCC_WARN_UNUSED_FUNCTION = YES;
				GCC_WARN_UNUSED_VARIABLE = YES;
				IPHONEOS_DEPLOYMENT_TARGET = 8.3;
				MTL_ENABLE_DEBUG_INFO = YES;
				ONLY_ACTIVE_ARCH = YES;
				SDKROOT = iphoneos;
			};
			name = Debug;
		};
		83EA46E81BBD4D240006E8F8 /* Release */ = {
			isa = XCBuildConfiguration;
			baseConfigurationReference = 83EBA0911BBD4E1D00727B59 /* Settings.xcconfig */;
			buildSettings = {
				ALWAYS_SEARCH_USER_PATHS = YES;
				CLANG_CXX_LANGUAGE_STANDARD = "gnu++0x";
				CLANG_CXX_LIBRARY = "libc++";
				CLANG_ENABLE_MODULES = YES;
				CLANG_ENABLE_OBJC_ARC = YES;
				CLANG_WARN_BOOL_CONVERSION = YES;
				CLANG_WARN_CONSTANT_CONVERSION = YES;
				CLANG_WARN_DIRECT_OBJC_ISA_USAGE = YES_ERROR;
				CLANG_WARN_EMPTY_BODY = YES;
				CLANG_WARN_ENUM_CONVERSION = YES;
				CLANG_WARN_INT_CONVERSION = YES;
				CLANG_WARN_OBJC_ROOT_CLASS = YES_ERROR;
				CLANG_WARN_UNREACHABLE_CODE = YES;
				CLANG_WARN__DUPLICATE_METHOD_MATCH = YES;
				"CODE_SIGN_IDENTITY[sdk=iphoneos*]" = "iPhone Developer";
				COPY_PHASE_STRIP = NO;
				DEBUG_INFORMATION_FORMAT = "dwarf-with-dsym";
				ENABLE_NS_ASSERTIONS = NO;
				ENABLE_STRICT_OBJC_MSGSEND = YES;
				GCC_C_LANGUAGE_STANDARD = gnu99;
				GCC_NO_COMMON_BLOCKS = YES;
				GCC_WARN_64_TO_32_BIT_CONVERSION = YES;
				GCC_WARN_ABOUT_RETURN_TYPE = YES_ERROR;
				GCC_WARN_UNDECLARED_SELECTOR = YES;
				GCC_WARN_UNINITIALIZED_AUTOS = YES_AGGRESSIVE;
				GCC_WARN_UNUSED_FUNCTION = YES;
				GCC_WARN_UNUSED_VARIABLE = YES;
				IPHONEOS_DEPLOYMENT_TARGET = 8.3;
				MTL_ENABLE_DEBUG_INFO = NO;
				SDKROOT = iphoneos;
				VALIDATE_PRODUCT = YES;
			};
			name = Release;
		};
		83EA46EA1BBD4D240006E8F8 /* Debug */ = {
			isa = XCBuildConfiguration;
			baseConfigurationReference = 1C921FA9BFF17B739A34B554 /* Pods-ios.debug.xcconfig */;
			buildSettings = {
				ASSETCATALOG_COMPILER_APPICON_NAME = AppIcon;
				HEADER_SEARCH_PATHS = (
					"$(inherited)",
					"\"${PODS_ROOT}/Headers/Public\"",
					"\"${PODS_ROOT}/Headers/Public/j2objc-shared-debug\"",
					"\"${PODS_ROOT}/Headers/Public/j2objc-shared-release\"",
				);
				INFOPLIST_FILE = ios/Info.plist;
				LD_RUNPATH_SEARCH_PATHS = "$(inherited) @executable_path/Frameworks";
				LIBRARY_SEARCH_PATHS = (
					"$(inherited)",
					"\"${J2OBJC_HOME}/lib\"",
				);
				OTHER_LDFLAGS = (
					"$(inherited)",
					"-ObjC",
					"-l\"ObjC\"",
					"-l\"guava\"",
					"-l\"icucore\"",
					"-l\"javax_inject\"",
					"-l\"jre_emul\"",
					"-l\"jsr305\"",
					"-l\"z\"",
				);
				PRODUCT_NAME = "$(TARGET_NAME)";
				USER_HEADER_SEARCH_PATHS = "\"${J2OBJC_HOME}/include\" ${DERIVED_FILES_DIR}";
			};
			name = Debug;
		};
		83EA46EB1BBD4D240006E8F8 /* Release */ = {
			isa = XCBuildConfiguration;
			baseConfigurationReference = 4D6545B5A02E7D4BA27082A3 /* Pods-ios.release.xcconfig */;
			buildSettings = {
				ASSETCATALOG_COMPILER_APPICON_NAME = AppIcon;
				HEADER_SEARCH_PATHS = (
					"$(inherited)",
					"\"${PODS_ROOT}/Headers/Public\"",
					"\"${PODS_ROOT}/Headers/Public/j2objc-shared-debug\"",
					"\"${PODS_ROOT}/Headers/Public/j2objc-shared-release\"",
				);
				INFOPLIST_FILE = ios/Info.plist;
				LD_RUNPATH_SEARCH_PATHS = "$(inherited) @executable_path/Frameworks";
				LIBRARY_SEARCH_PATHS = (
					"$(inherited)",
					"\"${J2OBJC_HOME}/lib\"",
				);
				OTHER_LDFLAGS = (
					"$(inherited)",
					"-ObjC",
					"-l\"ObjC\"",
					"-l\"guava\"",
					"-l\"icucore\"",
					"-l\"javax_inject\"",
					"-l\"jre_emul\"",
					"-l\"jsr305\"",
					"-l\"z\"",
				);
				PRODUCT_NAME = "$(TARGET_NAME)";
				USER_HEADER_SEARCH_PATHS = "\"${J2OBJC_HOME}/include\" ${DERIVED_FILES_DIR}";
			};
			name = Release;
		};
		83EA46ED1BBD4D240006E8F8 /* Debug */ = {
			isa = XCBuildConfiguration;
			baseConfigurationReference = 0F66CC1D9B8661C4C6F138DE /* Pods-iosTests.debug.xcconfig */;
			buildSettings = {
				BUNDLE_LOADER = "$(TEST_HOST)";
				FRAMEWORK_SEARCH_PATHS = (
					"$(SDKROOT)/Developer/Library/Frameworks",
					"$(inherited)",
				);
				GCC_PREPROCESSOR_DEFINITIONS = (
					"DEBUG=1",
					"$(inherited)",
				);
				INFOPLIST_FILE = iosTests/Info.plist;
				LD_RUNPATH_SEARCH_PATHS = "$(inherited) @executable_path/Frameworks @loader_path/Frameworks";
				PRODUCT_NAME = "$(TARGET_NAME)";
				TEST_HOST = "$(BUILT_PRODUCTS_DIR)/ios.app/ios";
			};
			name = Debug;
		};
		83EA46EE1BBD4D240006E8F8 /* Release */ = {
			isa = XCBuildConfiguration;
			baseConfigurationReference = 044C044153DAA335D6893447 /* Pods-iosTests.release.xcconfig */;
			buildSettings = {
				BUNDLE_LOADER = "$(TEST_HOST)";
				FRAMEWORK_SEARCH_PATHS = (
					"$(SDKROOT)/Developer/Library/Frameworks",
					"$(inherited)",
				);
				INFOPLIST_FILE = iosTests/Info.plist;
				LD_RUNPATH_SEARCH_PATHS = "$(inherited) @executable_path/Frameworks @loader_path/Frameworks";
				PRODUCT_NAME = "$(TARGET_NAME)";
				TEST_HOST = "$(BUILT_PRODUCTS_DIR)/ios.app/ios";
			};
			name = Release;
		};
/* End XCBuildConfiguration section */

/* Begin XCConfigurationList section */
		83EA46C11BBD4D240006E8F8 /* Build configuration list for PBXProject "ios" */ = {
			isa = XCConfigurationList;
			buildConfigurations = (
				83EA46E71BBD4D240006E8F8 /* Debug */,
				83EA46E81BBD4D240006E8F8 /* Release */,
			);
			defaultConfigurationIsVisible = 0;
			defaultConfigurationName = Release;
		};
		83EA46E91BBD4D240006E8F8 /* Build configuration list for PBXNativeTarget "ios" */ = {
			isa = XCConfigurationList;
			buildConfigurations = (
				83EA46EA1BBD4D240006E8F8 /* Debug */,
				83EA46EB1BBD4D240006E8F8 /* Release */,
			);
			defaultConfigurationIsVisible = 0;
			defaultConfigurationName = Release;
		};
		83EA46EC1BBD4D240006E8F8 /* Build configuration list for PBXNativeTarget "iosTests" */ = {
			isa = XCConfigurationList;
			buildConfigurations = (
				83EA46ED1BBD4D240006E8F8 /* Debug */,
				83EA46EE1BBD4D240006E8F8 /* Release */,
			);
			defaultConfigurationIsVisible = 0;
			defaultConfigurationName = Release;
		};
/* End XCConfigurationList section */
	};
	rootObject = 83EA46BE1BBD4D240006E8F8 /* Project object */;
}
